
Microsoft Visual Studio Solution File, Format Version 12.00
# Visual Studio 2012
Project("{f2a71f9b-5d33-465a-a702-920d77279786}") = "iOS", "iOS\iOS.fsproj", "{02214A0A-9F3C-42CB-9626-36D85C5F4E83}"
EndProject
Global
	GlobalSection(SolutionConfigurationPlatforms) = preSolution
		Debug|iPhoneSimulator = Debug|iPhoneSimulator
		Release|iPhoneSimulator = Release|iPhoneSimulator
		Debug|iPhone = Debug|iPhone
		Release|iPhone = Release|iPhone
		Ad-Hoc|iPhone = Ad-Hoc|iPhone
		AppStore|iPhone = AppStore|iPhone
	EndGlobalSection
	GlobalSection(ProjectConfigurationPlatforms) = postSolution
		{02214A0A-9F3C-42CB-9626-36D85C5F4E83}.Ad-Hoc|iPhone.ActiveCfg = Ad-Hoc|iPhone
		{02214A0A-9F3C-42CB-9626-36D85C5F4E83}.Ad-Hoc|iPhone.Build.0 = Ad-Hoc|iPhone
		{02214A0A-9F3C-42CB-9626-36D85C5F4E83}.AppStore|iPhone.ActiveCfg = AppStore|iPhone
		{02214A0A-9F3C-42CB-9626-36D85C5F4E83}.AppStore|iPhone.Build.0 = AppStore|iPhone
		{02214A0A-9F3C-42CB-9626-36D85C5F4E83}.Debug|iPhone.ActiveCfg = Debug|iPhone
		{02214A0A-9F3C-42CB-9626-36D85C5F4E83}.Debug|iPhone.Build.0 = Debug|iPhone
		{02214A0A-9F3C-42CB-9626-36D85C5F4E83}.Debug|iPhoneSimulator.ActiveCfg = Debug|iPhoneSimulator
		{02214A0A-9F3C-42CB-9626-36D85C5F4E83}.Debug|iPhoneSimulator.Build.0 = Debug|iPhoneSimulator
		{02214A0A-9F3C-42CB-9626-36D85C5F4E83}.Release|iPhone.ActiveCfg = Release|iPhone
		{02214A0A-9F3C-42CB-9626-36D85C5F4E83}.Release|iPhone.Build.0 = Release|iPhone
		{02214A0A-9F3C-42CB-9626-36D85C5F4E83}.Release|iPhoneSimulator.ActiveCfg = Release|iPhoneSimulator
		{02214A0A-9F3C-42CB-9626-36D85C5F4E83}.Release|iPhoneSimulator.Build.0 = Release|iPhoneSimulator
	EndGlobalSection
EndGlobal
